
Microsoft Visual Studio Solution File, Format Version 12.00
# Visual Studio 15
VisualStudioVersion = 15.0.28307.168
MinimumVisualStudioVersion = 10.0.40219.1
Project("{FAE04EC0-301F-11D3-BF4B-00C04F79EFBC}") = "MLPen", "MLPen\MLPen.csproj", "{C27F59AD-5562-4234-B3FB-40002238D9E4}"
EndProject
Project("{FAE04EC0-301F-11D3-BF4B-00C04F79EFBC}") = "MLPen.ModernUI", "MLPen.ModernUI\MLPen.ModernUI.csproj", "{CC4EEF1F-59A9-4FD7-9E71-9FB40FC9CE61}"
EndProject
Project("{FAE04EC0-301F-11D3-BF4B-00C04F79EFBC}") = "MLPen.Core", "MLPen.Core\MLPen.Core.csproj", "{03DA0A15-2DE2-403F-91D9-E3FE1AB87D43}"
EndProject
Project("{FAE04EC0-301F-11D3-BF4B-00C04F79EFBC}") = "MLPen.Data", "MLPen.Data\MLPen.Data.csproj", "{9617E324-8911-4DD5-8BCE-BE38F6FB1A2F}"
EndProject
Project("{FAE04EC0-301F-11D3-BF4B-00C04F79EFBC}") = "MLPen.Repository", "MLPen.Repository\MLPen.Repository.csproj", "{763313B0-413B-49A1-B2B5-68D36CA3DA77}"
EndProject
Project("{FAE04EC0-301F-11D3-BF4B-00C04F79EFBC}") = "MLPen.Services", "MLPen.Services\MLPen.Services.csproj", "{5B3F2384-52CF-4963-BDA5-4A51DC23AA02}"
EndProject
Project("{2150E333-8FDC-42A3-9474-1A3956D46DE8}") = "0-核心", "0-核心", "{DDA4EFBA-F994-431D-A234-F257AF57EE8F}"
EndProject
Project("{2150E333-8FDC-42A3-9474-1A3956D46DE8}") = "1-数据", "1-数据", "{556998C9-0FE2-4E36-833B-E8959A8DD468}"
EndProject
Project("{2150E333-8FDC-42A3-9474-1A3956D46DE8}") = "2-UI-业务", "2-UI-业务", "{239E1E8D-A1BF-4183-A2B9-76C536967D56}"
EndProject
Project("{2150E333-8FDC-42A3-9474-1A3956D46DE8}") = "3-通信", "3-通信", "{0AA518CC-9737-4D0B-AD6B-49DED0F69D6D}"
EndProject
Project("{FAE04EC0-301F-11D3-BF4B-00C04F79EFBC}") = "MLPen.Api", "MLPen.Api\MLPen.Api.csproj", "{7CDA503E-8138-4193-90A7-1AE35F278D94}"
EndProject
Project("{FAE04EC0-301F-11D3-BF4B-00C04F79EFBC}") = "MLPen.Tcp", "MLPen.Tcp\MLPen.Tcp.csproj", "{09F84F15-11C7-4AF8-962E-EB05C9BC9D7A}"
EndProject
Project("{FAE04EC0-301F-11D3-BF4B-00C04F79EFBC}") = "MLPen.Test", "MLPen.Test\MLPen.Test.csproj", "{033803D2-B32C-4B08-9B16-BDE2BD0DA235}"
EndProject
Global
	GlobalSection(SolutionConfigurationPlatforms) = preSolution
		Debug|Any CPU = Debug|Any CPU
		Debug|x86 = Debug|x86
		Release|Any CPU = Release|Any CPU
		Release|x86 = Release|x86
	EndGlobalSection
	GlobalSection(ProjectConfigurationPlatforms) = postSolution
		{C27F59AD-5562-4234-B3FB-40002238D9E4}.Debug|Any CPU.ActiveCfg = Debug|Any CPU
		{C27F59AD-5562-4234-B3FB-40002238D9E4}.Debug|Any CPU.Build.0 = Debug|Any CPU
		{C27F59AD-5562-4234-B3FB-40002238D9E4}.Debug|x86.ActiveCfg = Debug|x86
		{C27F59AD-5562-4234-B3FB-40002238D9E4}.Debug|x86.Build.0 = Debug|x86
		{C27F59AD-5562-4234-B3FB-40002238D9E4}.Release|Any CPU.ActiveCfg = Release|Any CPU
		{C27F59AD-5562-4234-B3FB-40002238D9E4}.Release|Any CPU.Build.0 = Release|Any CPU
		{C27F59AD-5562-4234-B3FB-40002238D9E4}.Release|x86.ActiveCfg = Release|x86
		{C27F59AD-5562-4234-B3FB-40002238D9E4}.Release|x86.Build.0 = Release|x86
		{CC4EEF1F-59A9-4FD7-9E71-9FB40FC9CE61}.Debug|Any CPU.ActiveCfg = Debug|Any CPU
		{CC4EEF1F-59A9-4FD7-9E71-9FB40FC9CE61}.Debug|Any CPU.Build.0 = Debug|Any CPU
		{CC4EEF1F-59A9-4FD7-9E71-9FB40FC9CE61}.Debug|x86.ActiveCfg = Debug|x86
		{CC4EEF1F-59A9-4FD7-9E71-9FB40FC9CE61}.Debug|x86.Build.0 = Debug|x86
		{CC4EEF1F-59A9-4FD7-9E71-9FB40FC9CE61}.Release|Any CPU.ActiveCfg = Release|Any CPU
		{CC4EEF1F-59A9-4FD7-9E71-9FB40FC9CE61}.Release|Any CPU.Build.0 = Release|Any CPU
		{CC4EEF1F-59A9-4FD7-9E71-9FB40FC9CE61}.Release|x86.ActiveCfg = Release|x86
		{CC4EEF1F-59A9-4FD7-9E71-9FB40FC9CE61}.Release|x86.Build.0 = Release|x86
		{03DA0A15-2DE2-403F-91D9-E3FE1AB87D43}.Debug|Any CPU.ActiveCfg = Debug|Any CPU
		{03DA0A15-2DE2-403F-91D9-E3FE1AB87D43}.Debug|Any CPU.Build.0 = Debug|Any CPU
		{03DA0A15-2DE2-403F-91D9-E3FE1AB87D43}.Debug|x86.ActiveCfg = Debug|Any CPU
		{03DA0A15-2DE2-403F-91D9-E3FE1AB87D43}.Debug|x86.Build.0 = Debug|Any CPU
		{03DA0A15-2DE2-403F-91D9-E3FE1AB87D43}.Release|Any CPU.ActiveCfg = Release|Any CPU
		{03DA0A15-2DE2-403F-91D9-E3FE1AB87D43}.Release|Any CPU.Build.0 = Release|Any CPU
		{03DA0A15-2DE2-403F-91D9-E3FE1AB87D43}.Release|x86.ActiveCfg = Release|Any CPU
		{03DA0A15-2DE2-403F-91D9-E3FE1AB87D43}.Release|x86.Build.0 = Release|Any CPU
		{9617E324-8911-4DD5-8BCE-BE38F6FB1A2F}.Debug|Any CPU.ActiveCfg = Debug|Any CPU
		{9617E324-8911-4DD5-8BCE-BE38F6FB1A2F}.Debug|Any CPU.Build.0 = Debug|Any CPU
		{9617E324-8911-4DD5-8BCE-BE38F6FB1A2F}.Debug|x86.ActiveCfg = Debug|Any CPU
		{9617E324-8911-4DD5-8BCE-BE38F6FB1A2F}.Debug|x86.Build.0 = Debug|Any CPU
		{9617E324-8911-4DD5-8BCE-BE38F6FB1A2F}.Release|Any CPU.ActiveCfg = Release|Any CPU
		{9617E324-8911-4DD5-8BCE-BE38F6FB1A2F}.Release|Any CPU.Build.0 = Release|Any CPU
		{9617E324-8911-4DD5-8BCE-BE38F6FB1A2F}.Release|x86.ActiveCfg = Release|Any CPU
		{9617E324-8911-4DD5-8BCE-BE38F6FB1A2F}.Release|x86.Build.0 = Release|Any CPU
		{763313B0-413B-49A1-B2B5-68D36CA3DA77}.Debug|Any CPU.ActiveCfg = Debug|Any CPU
		{763313B0-413B-49A1-B2B5-68D36CA3DA77}.Debug|Any CPU.Build.0 = Debug|Any CPU
		{763313B0-413B-49A1-B2B5-68D36CA3DA77}.Debug|x86.ActiveCfg = Debug|Any CPU
		{763313B0-413B-49A1-B2B5-68D36CA3DA77}.Debug|x86.Build.0 = Debug|Any CPU
		{763313B0-413B-49A1-B2B5-68D36CA3DA77}.Release|Any CPU.ActiveCfg = Release|Any CPU
		{763313B0-413B-49A1-B2B5-68D36CA3DA77}.Release|Any CPU.Build.0 = Release|Any CPU
		{763313B0-413B-49A1-B2B5-68D36CA3DA77}.Release|x86.ActiveCfg = Release|Any CPU
		{763313B0-413B-49A1-B2B5-68D36CA3DA77}.Release|x86.Build.0 = Release|Any CPU
		{5B3F2384-52CF-4963-BDA5-4A51DC23AA02}.Debug|Any CPU.ActiveCfg = Debug|Any CPU
		{5B3F2384-52CF-4963-BDA5-4A51DC23AA02}.Debug|Any CPU.Build.0 = Debug|Any CPU
		{5B3F2384-52CF-4963-BDA5-4A51DC23AA02}.Debug|x86.ActiveCfg = Debug|Any CPU
		{5B3F2384-52CF-4963-BDA5-4A51DC23AA02}.Debug|x86.Build.0 = Debug|Any CPU
		{5B3F2384-52CF-4963-BDA5-4A51DC23AA02}.Release|Any CPU.ActiveCfg = Release|Any CPU
		{5B3F2384-52CF-4963-BDA5-4A51DC23AA02}.Release|Any CPU.Build.0 = Release|Any CPU
		{5B3F2384-52CF-4963-BDA5-4A51DC23AA02}.Release|x86.ActiveCfg = Release|Any CPU
		{5B3F2384-52CF-4963-BDA5-4A51DC23AA02}.Release|x86.Build.0 = Release|Any CPU
		{7CDA503E-8138-4193-90A7-1AE35F278D94}.Debug|Any CPU.ActiveCfg = Debug|Any CPU
		{7CDA503E-8138-4193-90A7-1AE35F278D94}.Debug|Any CPU.Build.0 = Debug|Any CPU
		{7CDA503E-8138-4193-90A7-1AE35F278D94}.Debug|x86.ActiveCfg = Debug|Any CPU
		{7CDA503E-8138-4193-90A7-1AE35F278D94}.Debug|x86.Build.0 = Debug|Any CPU
		{7CDA503E-8138-4193-90A7-1AE35F278D94}.Release|Any CPU.ActiveCfg = Release|Any CPU
		{7CDA503E-8138-4193-90A7-1AE35F278D94}.Release|Any CPU.Build.0 = Release|Any CPU
		{7CDA503E-8138-4193-90A7-1AE35F278D94}.Release|x86.ActiveCfg = Release|Any CPU
		{7CDA503E-8138-4193-90A7-1AE35F278D94}.Release|x86.Build.0 = Release|Any CPU
		{09F84F15-11C7-4AF8-962E-EB05C9BC9D7A}.Debug|Any CPU.ActiveCfg = Debug|Any CPU
		{09F84F15-11C7-4AF8-962E-EB05C9BC9D7A}.Debug|Any CPU.Build.0 = Debug|Any CPU
		{09F84F15-11C7-4AF8-962E-EB05C9BC9D7A}.Debug|x86.ActiveCfg = Debug|Any CPU
		{09F84F15-11C7-4AF8-962E-EB05C9BC9D7A}.Debug|x86.Build.0 = Debug|Any CPU
		{09F84F15-11C7-4AF8-962E-EB05C9BC9D7A}.Release|Any CPU.ActiveCfg = Release|Any CPU
		{09F84F15-11C7-4AF8-962E-EB05C9BC9D7A}.Release|Any CPU.Build.0 = Release|Any CPU
		{09F84F15-11C7-4AF8-962E-EB05C9BC9D7A}.Release|x86.ActiveCfg = Release|Any CPU
		{09F84F15-11C7-4AF8-962E-EB05C9BC9D7A}.Release|x86.Build.0 = Release|Any CPU
		{033803D2-B32C-4B08-9B16-BDE2BD0DA235}.Debug|Any CPU.ActiveCfg = Debug|Any CPU
		{033803D2-B32C-4B08-9B16-BDE2BD0DA235}.Debug|Any CPU.Build.0 = Debug|Any CPU
		{033803D2-B32C-4B08-9B16-BDE2BD0DA235}.Debug|x86.ActiveCfg = Debug|Any CPU
		{033803D2-B32C-4B08-9B16-BDE2BD0DA235}.Debug|x86.Build.0 = Debug|Any CPU
		{033803D2-B32C-4B08-9B16-BDE2BD0DA235}.Release|Any CPU.ActiveCfg = Release|Any CPU
		{033803D2-B32C-4B08-9B16-BDE2BD0DA235}.Release|Any CPU.Build.0 = Release|Any CPU
		{033803D2-B32C-4B08-9B16-BDE2BD0DA235}.Release|x86.ActiveCfg = Release|Any CPU
		{033803D2-B32C-4B08-9B16-BDE2BD0DA235}.Release|x86.Build.0 = Release|Any CPU
	EndGlobalSection
	GlobalSection(SolutionProperties) = preSolution
		HideSolutionNode = FALSE
	EndGlobalSection
	GlobalSection(NestedProjects) = preSolution
		{CC4EEF1F-59A9-4FD7-9E71-9FB40FC9CE61} = {239E1E8D-A1BF-4183-A2B9-76C536967D56}
		{03DA0A15-2DE2-403F-91D9-E3FE1AB87D43} = {DDA4EFBA-F994-431D-A234-F257AF57EE8F}
		{9617E324-8911-4DD5-8BCE-BE38F6FB1A2F} = {DDA4EFBA-F994-431D-A234-F257AF57EE8F}
		{763313B0-413B-49A1-B2B5-68D36CA3DA77} = {556998C9-0FE2-4E36-833B-E8959A8DD468}
		{5B3F2384-52CF-4963-BDA5-4A51DC23AA02} = {239E1E8D-A1BF-4183-A2B9-76C536967D56}
		{7CDA503E-8138-4193-90A7-1AE35F278D94} = {0AA518CC-9737-4D0B-AD6B-49DED0F69D6D}
		{09F84F15-11C7-4AF8-962E-EB05C9BC9D7A} = {0AA518CC-9737-4D0B-AD6B-49DED0F69D6D}
	EndGlobalSection
	GlobalSection(ExtensibilityGlobals) = postSolution
		SolutionGuid = {42B589B4-EB24-4649-B4D3-3ABE222211D0}
	EndGlobalSection
EndGlobal
